
Microsoft Visual Studio Solution File, Format Version 12.00
# Visual Studio Version 17
VisualStudioVersion = 17.9.34714.143
MinimumVisualStudioVersion = 10.0.40219.1
Project("{FAE04EC0-301F-11D3-BF4B-00C04F79EFBC}") = "ASM2-1670", "ASM2-1670\ASM2-1670.csproj", "{56E7B98A-FBC2-4F4E-A0E6-3A4A6D0493F7}"
EndProject
Global
	GlobalSection(SolutionConfigurationPlatforms) = preSolution
		Debug|Any CPU = Debug|Any CPU
		Release|Any CPU = Release|Any CPU
	EndGlobalSection
	GlobalSection(ProjectConfigurationPlatforms) = postSolution
		{56E7B98A-FBC2-4F4E-A0E6-3A4A6D0493F7}.Debug|Any CPU.ActiveCfg = Debug|Any CPU
		{56E7B98A-FBC2-4F4E-A0E6-3A4A6D0493F7}.Debug|Any CPU.Build.0 = Debug|Any CPU
		{56E7B98A-FBC2-4F4E-A0E6-3A4A6D0493F7}.Release|Any CPU.ActiveCfg = Release|Any CPU
		{56E7B98A-FBC2-4F4E-A0E6-3A4A6D0493F7}.Release|Any CPU.Build.0 = Release|Any CPU
	EndGlobalSection
	GlobalSection(SolutionProperties) = preSolution
		HideSolutionNode = FALSE
	EndGlobalSection
	GlobalSection(ExtensibilityGlobals) = postSolution
		SolutionGuid = {90D1A155-A45B-466C-BE73-AC73F4CD2509}
	EndGlobalSection
EndGlobal
